{
  "name": "@rxdi/forms",
  "version": "0.7.110",
  "lockfileVersion": 1,
  "requires": true,
  "dependencies": {
    "@rxdi/lit-html": {
      "version": "0.7.24",
      "resolved": "https://registry.npmjs.org/@rxdi/lit-html/-/lit-html-0.7.24.tgz",
      "integrity": "sha512-Musgu8mLRoPlaG/7X0jU7+z4QwmLxQeWBLhwzvQCHAYLCAKFH/HDMOMbxla17qoIh8nDvxIzVHdQ5m5s5LGPdA==",
      "dev": true
    },
    "@types/node": {
      "version": "12.0.10",
      "resolved": "https://registry.npmjs.org/@types/node/-/node-12.0.10.tgz",
      "integrity": "sha512-LcsGbPomWsad6wmMNv7nBLw7YYYyfdYcz6xryKYQhx89c3XXan+8Q6AJ43G5XDIaklaVkK3mE4fCb0SBvMiPSQ==",
      "dev": true
    },
    "fastrx": {
      "version": "1.0.9",
      "resolved": "https://registry.npmjs.org/fastrx/-/fastrx-1.0.9.tgz",
      "integrity": "sha512-HLnxa2zChvbXWuK1cYW3aMBDQ//kzmyEyOTtlAet+izqL5KgMyjb9ftpz7wEDROvOYiMuAgMdl8vjy1Vo0qL2g==",
      "dev": true
    },
    "rxjs": {
      "version": "6.5.2",
      "resolved": "https://registry.npmjs.org/rxjs/-/rxjs-6.5.2.tgz",
      "integrity": "sha512-HUb7j3kvb7p7eCUHE3FqjoDsC1xfZQ4AHFWfTKSpZ+sAhhz5X1WX0ZuUqWbzB2QhSLp3DoLUG+hMdEDKqWo2Zg==",
      "dev": true,
      "requires": {
        "tslib": "^1.9.0"
      }
    },
    "tslib": {
      "version": "1.10.0",
      "resolved": "https://registry.npmjs.org/tslib/-/tslib-1.10.0.tgz",
      "integrity": "sha512-qOebF53frne81cf0S9B41ByenJ3/IuH8yJKngAX35CmiZySA0khhkovshKK+jGCaMnVomla7gVlIcc3EvKPbTQ==",
      "dev": true
    },
    "typescript": {
      "version": "3.5.2",
      "resolved": "https://registry.npmjs.org/typescript/-/typescript-3.5.2.tgz",
      "integrity": "sha512-7KxJovlYhTX5RaRbUdkAXN1KUZ8PwWlTzQdHV6xNqvuFOs7+WBo10TQUqT19Q/Jz2hk5v9TQDIhyLhhJY4p5AA==",
      "dev": true
    }
  }
}
