# THIS IS AN AUTOGENERATED FILE. DO NOT EDIT THIS FILE DIRECTLY.
# yarn lockfile v1


"@rxdi/core@^0.7.23":
  version "0.7.24"
  resolved "https://registry.yarnpkg.com/@rxdi/core/-/core-0.7.24.tgz#01c88321438a391518f30f509891bc3305ecb39e"
  integrity sha512-Z7t3/GUvO1Kz4CLnPcYDTUsqnViX/I8v0ATfYdKeegVTMK4266JHCzz3gm6GL8n2tvTKF0/VOqGurQHPoWXpwA==
  dependencies:
    reflect-metadata "0.1.13"
    rxjs "6.5.2"
    systemjs "0.21.4"

"@rxdi/lit-html@^0.7.23":
  version "0.7.24"
  resolved "https://registry.yarnpkg.com/@rxdi/lit-html/-/lit-html-0.7.24.tgz#097912f85fe9f7dbab112a8ad7709da25dcc3bac"
  integrity sha512-Musgu8mLRoPlaG/7X0jU7+z4QwmLxQeWBLhwzvQCHAYLCAKFH/HDMOMbxla17qoIh8nDvxIzVHdQ5m5s5LGPdA==

"@vaadin/router@^1.2.0":
  version "1.5.0"
  resolved "https://registry.yarnpkg.com/@vaadin/router/-/router-1.5.0.tgz#d3177f163ba3e300d639a077006d50d0fec9f24a"
  integrity sha512-MWrmkTuBBTT7NM+kNloYOJn/LYEft7cowU3K+EnXWisq3q2O7xgXhl3Ni2nC0pSMs8Gx470LAXfz3wCmqC7Hpw==
  dependencies:
    "@vaadin/vaadin-usage-statistics" "^2.0.8"
    path-to-regexp "2.4.0"

"@vaadin/vaadin-development-mode-detector@^2.0.0":
  version "2.0.4"
  resolved "https://registry.yarnpkg.com/@vaadin/vaadin-development-mode-detector/-/vaadin-development-mode-detector-2.0.4.tgz#f49c8009856bead92d248377c36b295b5aae78e5"
  integrity sha512-S+PaFrZpK8uBIOnIHxjntTrgumd5ztuCnZww96ydGKXgo9whXfZsbMwDuD/102a/IuPUMyF+dh/n3PbWzJ6igA==

"@vaadin/vaadin-usage-statistics@^2.0.8":
  version "2.0.11"
  resolved "https://registry.yarnpkg.com/@vaadin/vaadin-usage-statistics/-/vaadin-usage-statistics-2.0.11.tgz#6712d389089f248d2865ed2d74c665103b354378"
  integrity sha512-6isKfOQnb6BSj181nehId4w8SOUKDLNcNza1RKdiNGgnOlqjZx/p4+FbJS9PQ4q0lwP1/TQa3Vx7SAWdoVfNOQ==
  dependencies:
    "@vaadin/vaadin-development-mode-detector" "^2.0.0"

path-to-regexp@2.4.0:
  version "2.4.0"
  resolved "https://registry.yarnpkg.com/path-to-regexp/-/path-to-regexp-2.4.0.tgz#35ce7f333d5616f1c1e1bfe266c3aba2e5b2e704"
  integrity sha512-G6zHoVqC6GGTQkZwF4lkuEyMbVOjoBKAEybQUypI1WTkqinCOrq2x6U2+phkJ1XsEMTy4LjtwPI7HW+NVrRR2w==

reflect-metadata@0.1.13:
  version "0.1.13"
  resolved "https://registry.yarnpkg.com/reflect-metadata/-/reflect-metadata-0.1.13.tgz#67ae3ca57c972a2aa1642b10fe363fe32d49dc08"
  integrity sha512-Ts1Y/anZELhSsjMcU605fU9RE4Oi3p5ORujwbIKXfWa+0Zxs510Qrmrce5/Jowq3cHSZSJqBjypxmHarc+vEWg==

rxjs@6.5.2:
  version "6.5.2"
  resolved "https://registry.yarnpkg.com/rxjs/-/rxjs-6.5.2.tgz#2e35ce815cd46d84d02a209fb4e5921e051dbec7"
  integrity sha512-HUb7j3kvb7p7eCUHE3FqjoDsC1xfZQ4AHFWfTKSpZ+sAhhz5X1WX0ZuUqWbzB2QhSLp3DoLUG+hMdEDKqWo2Zg==
  dependencies:
    tslib "^1.9.0"

systemjs@0.21.4:
  version "0.21.4"
  resolved "https://registry.yarnpkg.com/systemjs/-/systemjs-0.21.4.tgz#043996efcac3fefcb7d62e8c40457a42e9c86e1e"
  integrity sha512-l1O8boHjAIY5UG74Xk4B63LK9QbFxv/FkQa//GGGWaTeQoMhTsWnFrYwPWBScSF4xQFMO/+v9QB4i633h8Oytw==

tslib@^1.9.0:
  version "1.10.0"
  resolved "https://registry.yarnpkg.com/tslib/-/tslib-1.10.0.tgz#c3c19f95973fb0a62973fb09d90d961ee43e5c8a"
  integrity sha512-qOebF53frne81cf0S9B41ByenJ3/IuH8yJKngAX35CmiZySA0khhkovshKK+jGCaMnVomla7gVlIcc3EvKPbTQ==
