{
  "name": "@rxdi/monorepo",
  "version": "0.7.49",
  "lockfileVersion": 1,
  "requires": true,
  "dependencies": {
    "@rxdi/parcel-plugin-shebang": {
      "version": "0.7.5",
      "resolved": "https://registry.npmjs.org/@rxdi/parcel-plugin-shebang/-/parcel-plugin-shebang-0.7.5.tgz",
      "integrity": "sha512-7pLS+6xRBRZSJ2EVtNisFctnuTLyn192KWPREE/+6wJ79Nid52I3mjAbUxum2BunlzpMeKuOSnhuZAyNLqSFzA==",
      "dev": true,
      "requires": {
        "escape-string-regexp": "^2.0.0",
        "yn": "^3.1.0"
      }
    },
    "@types/node": {
      "version": "12.7.8",
      "resolved": "https://registry.npmjs.org/@types/node/-/node-12.7.8.tgz",
      "integrity": "sha512-FMdVn84tJJdV+xe+53sYiZS4R5yn1mAIxfj+DVoNiQjTYz1+OYmjwEZr1ev9nU0axXwda0QDbYl06QHanRVH3A==",
      "dev": true
    },
    "escape-string-regexp": {
      "version": "2.0.0",
      "resolved": "https://registry.npmjs.org/escape-string-regexp/-/escape-string-regexp-2.0.0.tgz",
      "integrity": "sha512-UpzcLCXolUWcNu5HtVMHYdXJjArjsF9C0aNnquZYY4uW/Vu0miy5YoWvbV345HauVvcAUnpRuhMMcqTcGOY2+w==",
      "dev": true
    },
    "typescript": {
      "version": "3.6.3",
      "resolved": "https://registry.npmjs.org/typescript/-/typescript-3.6.3.tgz",
      "integrity": "sha512-N7bceJL1CtRQ2RiG0AQME13ksR7DiuQh/QehubYcghzv20tnh+MQnQIuJddTmsbqYj+dztchykemz0zFzlvdQw==",
      "dev": true
    },
    "yn": {
      "version": "3.1.1",
      "resolved": "https://registry.npmjs.org/yn/-/yn-3.1.1.tgz",
      "integrity": "sha512-Ux4ygGWsu2c7isFWe8Yu1YluJmqVhxqK2cLXNQA5AcC3QfbGNpM7fu0Y8b/z16pXLnFxZYvWhd3fhBY9DLmC6Q==",
      "dev": true
    }
  }
}
